
Microsoft Visual Studio Solution File, Format Version 12.00
# Visual Studio Version 17
VisualStudioVersion = 17.1.32421.90
MinimumVisualStudioVersion = 10.0.40219.1
Project("{FAE04EC0-301F-11D3-BF4B-00C04F79EFBC}") = "HNGTaskOne", "HNGTaskOne.csproj", "{57505F66-148F-45DF-8C5F-7DE0EBAE0404}"
EndProject
Global
	GlobalSection(SolutionConfigurationPlatforms) = preSolution
		Debug|Any CPU = Debug|Any CPU
		Release|Any CPU = Release|Any CPU
	EndGlobalSection
	GlobalSection(ProjectConfigurationPlatforms) = postSolution
		{57505F66-148F-45DF-8C5F-7DE0EBAE0404}.Debug|Any CPU.ActiveCfg = Debug|Any CPU
		{57505F66-148F-45DF-8C5F-7DE0EBAE0404}.Debug|Any CPU.Build.0 = Debug|Any CPU
		{57505F66-148F-45DF-8C5F-7DE0EBAE0404}.Release|Any CPU.ActiveCfg = Release|Any CPU
		{57505F66-148F-45DF-8C5F-7DE0EBAE0404}.Release|Any CPU.Build.0 = Release|Any CPU
	EndGlobalSection
	GlobalSection(SolutionProperties) = preSolution
		HideSolutionNode = FALSE
	EndGlobalSection
	GlobalSection(ExtensibilityGlobals) = postSolution
		SolutionGuid = {8318C0EE-F14E-4A38-8701-E829815DB0C4}
	EndGlobalSection
EndGlobal
